
Microsoft Visual Studio Solution File, Format Version 12.00
# Visual Studio Version 17
VisualStudioVersion = 17.7.34202.233
MinimumVisualStudioVersion = 10.0.40219.1
Project("{FAE04EC0-301F-11D3-BF4B-00C04F79EFBC}") = "ConsoleApp2", "ConsoleApp2.csproj", "{214F9D24-2CB5-4A33-87AE-6022E5A5E576}"
EndProject
Global
	GlobalSection(SolutionConfigurationPlatforms) = preSolution
		Debug|Any CPU = Debug|Any CPU
		Release|Any CPU = Release|Any CPU
	EndGlobalSection
	GlobalSection(ProjectConfigurationPlatforms) = postSolution
		{214F9D24-2CB5-4A33-87AE-6022E5A5E576}.Debug|Any CPU.ActiveCfg = Debug|Any CPU
		{214F9D24-2CB5-4A33-87AE-6022E5A5E576}.Debug|Any CPU.Build.0 = Debug|Any CPU
		{214F9D24-2CB5-4A33-87AE-6022E5A5E576}.Release|Any CPU.ActiveCfg = Release|Any CPU
		{214F9D24-2CB5-4A33-87AE-6022E5A5E576}.Release|Any CPU.Build.0 = Release|Any CPU
	EndGlobalSection
	GlobalSection(SolutionProperties) = preSolution
		HideSolutionNode = FALSE
	EndGlobalSection
	GlobalSection(ExtensibilityGlobals) = postSolution
		SolutionGuid = {F547F96D-E6E4-4CD0-8102-0483CF57FC54}
	EndGlobalSection
EndGlobal
