
Microsoft Visual Studio Solution File, Format Version 12.00
# Visual Studio Version 17
VisualStudioVersion = 17.7.34202.233
MinimumVisualStudioVersion = 10.0.40219.1
Project("{FAE04EC0-301F-11D3-BF4B-00C04F79EFBC}") = "nauka", "nauka.csproj", "{0BE722CA-8AF2-4D86-ABA7-ECC66202496D}"
EndProject
Global
	GlobalSection(SolutionConfigurationPlatforms) = preSolution
		Debug|Any CPU = Debug|Any CPU
		Release|Any CPU = Release|Any CPU
	EndGlobalSection
	GlobalSection(ProjectConfigurationPlatforms) = postSolution
		{0BE722CA-8AF2-4D86-ABA7-ECC66202496D}.Debug|Any CPU.ActiveCfg = Debug|Any CPU
		{0BE722CA-8AF2-4D86-ABA7-ECC66202496D}.Debug|Any CPU.Build.0 = Debug|Any CPU
		{0BE722CA-8AF2-4D86-ABA7-ECC66202496D}.Release|Any CPU.ActiveCfg = Release|Any CPU
		{0BE722CA-8AF2-4D86-ABA7-ECC66202496D}.Release|Any CPU.Build.0 = Release|Any CPU
	EndGlobalSection
	GlobalSection(SolutionProperties) = preSolution
		HideSolutionNode = FALSE
	EndGlobalSection
	GlobalSection(ExtensibilityGlobals) = postSolution
		SolutionGuid = {7C4DA8EC-93EC-46FA-873D-CB273D873F66}
	EndGlobalSection
EndGlobal
